
Microsoft Visual Studio Solution File, Format Version 12.00
# Visual Studio 15
VisualStudioVersion = 15.0.28307.645
MinimumVisualStudioVersion = 10.0.40219.1
Project("{FAE04EC0-301F-11D3-BF4B-00C04F79EFBC}") = "WinFormsServer", "WinFormsServer\WinFormsServer.csproj", "{5F754EF2-5AFD-4E4C-B554-A804568DEED2}"
EndProject
Project("{FAE04EC0-301F-11D3-BF4B-00C04F79EFBC}") = "WinFormsClient", "WinFormsClient\WinFormsClient.csproj", "{04389B63-DA2E-4A82-84DC-2B5D43E2363A}"
EndProject
Project("{FAE04EC0-301F-11D3-BF4B-00C04F79EFBC}") = "JavaScriptClient", "JavaScriptClient\JavaScriptClient.csproj", "{2112EA45-525D-453C-961B-2BA91F9EFC3F}"
EndProject
Global
	GlobalSection(SolutionConfigurationPlatforms) = preSolution
		Debug|Any CPU = Debug|Any CPU
		Release|Any CPU = Release|Any CPU
	EndGlobalSection
	GlobalSection(ProjectConfigurationPlatforms) = postSolution
		{5F754EF2-5AFD-4E4C-B554-A804568DEED2}.Debug|Any CPU.ActiveCfg = Debug|Any CPU
		{5F754EF2-5AFD-4E4C-B554-A804568DEED2}.Debug|Any CPU.Build.0 = Debug|Any CPU
		{5F754EF2-5AFD-4E4C-B554-A804568DEED2}.Release|Any CPU.ActiveCfg = Release|Any CPU
		{5F754EF2-5AFD-4E4C-B554-A804568DEED2}.Release|Any CPU.Build.0 = Release|Any CPU
		{04389B63-DA2E-4A82-84DC-2B5D43E2363A}.Debug|Any CPU.ActiveCfg = Debug|Any CPU
		{04389B63-DA2E-4A82-84DC-2B5D43E2363A}.Debug|Any CPU.Build.0 = Debug|Any CPU
		{04389B63-DA2E-4A82-84DC-2B5D43E2363A}.Release|Any CPU.ActiveCfg = Release|Any CPU
		{04389B63-DA2E-4A82-84DC-2B5D43E2363A}.Release|Any CPU.Build.0 = Release|Any CPU
		{2112EA45-525D-453C-961B-2BA91F9EFC3F}.Debug|Any CPU.ActiveCfg = Debug|Any CPU
		{2112EA45-525D-453C-961B-2BA91F9EFC3F}.Debug|Any CPU.Build.0 = Debug|Any CPU
		{2112EA45-525D-453C-961B-2BA91F9EFC3F}.Release|Any CPU.ActiveCfg = Release|Any CPU
		{2112EA45-525D-453C-961B-2BA91F9EFC3F}.Release|Any CPU.Build.0 = Release|Any CPU
	EndGlobalSection
	GlobalSection(SolutionProperties) = preSolution
		HideSolutionNode = FALSE
	EndGlobalSection
	GlobalSection(ExtensibilityGlobals) = postSolution
		SolutionGuid = {EC7AEE83-921A-4203-A836-C03FCDBEC893}
	EndGlobalSection
EndGlobal
